# THIS IS AN AUTOGENERATED FILE. DO NOT EDIT THIS FILE DIRECTLY.
# yarn lockfile v1


"@types/screeps@^3.3.0":
  version "3.3.0"
  resolved "https://registry.yarnpkg.com/@types/screeps/-/screeps-3.3.0.tgz#f3ea8b7f31e75796fa9e344e7d4a30866932f007"
  integrity sha512-1Fw/U0V0INPS4rS+SpjRi3zswf5cxgwTdNVN0UksWAkuVidS/4NCCx0LHZqvOByx6kP8J+7O9z3SMzK5prz5cA==
